
Microsoft Visual Studio Solution File, Format Version 12.00
# Visual Studio 14
VisualStudioVersion = 14.0.25420.1
MinimumVisualStudioVersion = 10.0.40219.1
Project("{FAE04EC0-301F-11D3-BF4B-00C04F79EFBC}") = "Sorting", "Sorting\Sorting.csproj", "{08DFC0B3-CC89-4F0B-9B2F-1BB0F1572EB5}"
EndProject
Global
	GlobalSection(SolutionConfigurationPlatforms) = preSolution
		Debug|Any CPU = Debug|Any CPU
		Release|Any CPU = Release|Any CPU
	EndGlobalSection
	GlobalSection(ProjectConfigurationPlatforms) = postSolution
		{08DFC0B3-CC89-4F0B-9B2F-1BB0F1572EB5}.Debug|Any CPU.ActiveCfg = Debug|Any CPU
		{08DFC0B3-CC89-4F0B-9B2F-1BB0F1572EB5}.Debug|Any CPU.Build.0 = Debug|Any CPU
		{08DFC0B3-CC89-4F0B-9B2F-1BB0F1572EB5}.Release|Any CPU.ActiveCfg = Release|Any CPU
		{08DFC0B3-CC89-4F0B-9B2F-1BB0F1572EB5}.Release|Any CPU.Build.0 = Release|Any CPU
	EndGlobalSection
	GlobalSection(SolutionProperties) = preSolution
		HideSolutionNode = FALSE
	EndGlobalSection
EndGlobal
